
Microsoft Visual Studio Solution File, Format Version 12.00
# Visual Studio Version 17
VisualStudioVersion = 17.1.31903.286
MinimumVisualStudioVersion = 10.0.40219.1
Project("{FAE04EC0-301F-11D3-BF4B-00C04F79EFBC}") = "WPFUI", "WPFUI\WPFUI.csproj", "{C732BA5B-8702-4255-A960-22228A22C6B9}"
EndProject
Project("{FAE04EC0-301F-11D3-BF4B-00C04F79EFBC}") = "DataAccessLibrary", "DataAccessLibrary\DataAccessLibrary.csproj", "{46E1CBFA-87E6-4839-840F-3DC53E36AA86}"
EndProject
Global
	GlobalSection(SolutionConfigurationPlatforms) = preSolution
		Debug|Any CPU = Debug|Any CPU
		Release|Any CPU = Release|Any CPU
	EndGlobalSection
	GlobalSection(ProjectConfigurationPlatforms) = postSolution
		{C732BA5B-8702-4255-A960-22228A22C6B9}.Debug|Any CPU.ActiveCfg = Debug|Any CPU
		{C732BA5B-8702-4255-A960-22228A22C6B9}.Debug|Any CPU.Build.0 = Debug|Any CPU
		{C732BA5B-8702-4255-A960-22228A22C6B9}.Release|Any CPU.ActiveCfg = Release|Any CPU
		{C732BA5B-8702-4255-A960-22228A22C6B9}.Release|Any CPU.Build.0 = Release|Any CPU
		{46E1CBFA-87E6-4839-840F-3DC53E36AA86}.Debug|Any CPU.ActiveCfg = Debug|Any CPU
		{46E1CBFA-87E6-4839-840F-3DC53E36AA86}.Debug|Any CPU.Build.0 = Debug|Any CPU
		{46E1CBFA-87E6-4839-840F-3DC53E36AA86}.Release|Any CPU.ActiveCfg = Release|Any CPU
		{46E1CBFA-87E6-4839-840F-3DC53E36AA86}.Release|Any CPU.Build.0 = Release|Any CPU
	EndGlobalSection
	GlobalSection(SolutionProperties) = preSolution
		HideSolutionNode = FALSE
	EndGlobalSection
	GlobalSection(ExtensibilityGlobals) = postSolution
		SolutionGuid = {F8B22DD9-D3F1-451A-9FFE-DE0938ED39A9}
	EndGlobalSection
EndGlobal
